# This file is automatically @generated by Cargo.
# It is not intended for manual editing.
version = 4

[[package]]
name = "bottlerocket-kernel-kit"
version = "0.1.0"
dependencies = [
 "grub",
 "kernel-6_1",
 "kernel-6_12",
 "kmod-6_1-nvidia-r570",
 "kmod-6_1-nvidia-r580",
 "kmod-6_12-nvidia-r570",
 "kmod-6_12-nvidia-r580",
 "libkcapi",
 "linux-firmware",
 "microcode",
 "nvidia-migmanager",
 "nvlsm",
 "shim",
]

[[package]]
name = "grub"
version = "0.1.0"

[[package]]
name = "kernel-6_1"
version = "0.1.0"
dependencies = [
 "microcode",
]

[[package]]
name = "kernel-6_12"
version = "0.1.0"
dependencies = [
 "microcode",
]

[[package]]
name = "kmod-6_1-nvidia-r570"
version = "0.1.0"
dependencies = [
 "kernel-6_1",
]

[[package]]
name = "kmod-6_1-nvidia-r580"
version = "0.1.0"
dependencies = [
 "kernel-6_1",
]

[[package]]
name = "kmod-6_12-nvidia-r570"
version = "0.1.0"
dependencies = [
 "kernel-6_12",
]

[[package]]
name = "kmod-6_12-nvidia-r580"
version = "0.1.0"
dependencies = [
 "kernel-6_12",
]

[[package]]
name = "libkcapi"
version = "0.1.0"

[[package]]
name = "linux-firmware"
version = "0.1.0"

[[package]]
name = "microcode"
version = "0.1.0"

[[package]]
name = "nvidia-migmanager"
version = "0.1.0"

[[package]]
name = "nvlsm"
version = "0.1.0"

[[package]]
name = "shim"
version = "0.1.0"
