# This file is automatically @generated by Cargo.
# It is not intended for manual editing.
version = 4

[[package]]
name = "bottlerocket-kernel-kit"
version = "0.1.0"
dependencies = [
 "grub",
 "kernel-5_15",
 "kernel-6_1",
 "kmod-5_15-nvidia",
 "kmod-6_1-nvidia",
 "libkcapi",
 "linux-firmware",
 "microcode",
 "nvidia-migmanager",
 "shim",
]

[[package]]
name = "grub"
version = "0.1.0"

[[package]]
name = "kernel-5_15"
version = "0.1.0"
dependencies = [
 "microcode",
]

[[package]]
name = "kernel-6_1"
version = "0.1.0"
dependencies = [
 "microcode",
]

[[package]]
name = "kmod-5_15-nvidia"
version = "0.1.0"
dependencies = [
 "kernel-5_15",
]

[[package]]
name = "kmod-6_1-nvidia"
version = "0.1.0"
dependencies = [
 "kernel-6_1",
]

[[package]]
name = "libkcapi"
version = "0.1.0"

[[package]]
name = "linux-firmware"
version = "0.1.0"

[[package]]
name = "microcode"
version = "0.1.0"

[[package]]
name = "nvidia-migmanager"
version = "0.1.0"

[[package]]
name = "shim"
version = "0.1.0"
